
Microsoft Visual Studio Solution File, Format Version 12.00
# Visual Studio Version 17
VisualStudioVersion = 17.5.002.0
MinimumVisualStudioVersion = 10.0.40219.1
Project("{9A19103F-16F7-4668-BE54-9A1E7A4F7556}") = "DesafioPOO", "DesafioPOO.csproj", "{B464490E-4A8B-441E-A9ED-55894AFEE452}"
EndProject
Global
	GlobalSection(SolutionConfigurationPlatforms) = preSolution
		Debug|Any CPU = Debug|Any CPU
		Release|Any CPU = Release|Any CPU
	EndGlobalSection
	GlobalSection(ProjectConfigurationPlatforms) = postSolution
		{B464490E-4A8B-441E-A9ED-55894AFEE452}.Debug|Any CPU.ActiveCfg = Debug|Any CPU
		{B464490E-4A8B-441E-A9ED-55894AFEE452}.Debug|Any CPU.Build.0 = Debug|Any CPU
		{B464490E-4A8B-441E-A9ED-55894AFEE452}.Release|Any CPU.ActiveCfg = Release|Any CPU
		{B464490E-4A8B-441E-A9ED-55894AFEE452}.Release|Any CPU.Build.0 = Release|Any CPU
	EndGlobalSection
	GlobalSection(SolutionProperties) = preSolution
		HideSolutionNode = FALSE
	EndGlobalSection
	GlobalSection(ExtensibilityGlobals) = postSolution
		SolutionGuid = {8B23F860-1CA4-440E-AA03-1F7A928DADF9}
	EndGlobalSection
EndGlobal
